Microsoft Visual Studio Solution File, Format Version 11.00
# Visual Studio 2008

Project("{B6350BC9-D08D-10BA-BE98-8BC26059ECD2}") = "LostWorld", "Assembly-CSharp.csproj", "{325C3C4F-22FB-B957-FB33-E5155A1715F6}"
EndProject
Global
	GlobalSection(SolutionConfigurationPlatforms) = preSolution
		Debug|Any CPU = Debug|Any CPU
		Release|Any CPU = Release|Any CPU
	EndGlobalSection
	GlobalSection(ProjectConfigurationPlatforms) = postSolution
		{325C3C4F-22FB-B957-FB33-E5155A1715F6}.Debug|Any CPU.ActiveCfg = Debug|Any CPU
		{325C3C4F-22FB-B957-FB33-E5155A1715F6}.Debug|Any CPU.Build.0 = Debug|Any CPU
		{325C3C4F-22FB-B957-FB33-E5155A1715F6}.Release|Any CPU.ActiveCfg = Release|Any CPU
		{325C3C4F-22FB-B957-FB33-E5155A1715F6}.Release|Any CPU.Build.0 = Release|Any CPU
	EndGlobalSection
	GlobalSection(SolutionProperties) = preSolution
		HideSolutionNode = FALSE
	EndGlobalSection
	GlobalSection(MonoDevelopProperties) = preSolution
		StartupItem = Assembly-CSharp.csproj
	EndGlobalSection
EndGlobal
